// !$*UTF8*$!
{
	archiveVersion = 1;
	classes = {
	};
	objectVersion = 46;
	objects = {

/* Begin PBXBuildFile section */
		56309A8B1E80BD4000C294F7 /* progress.jpg in Resources */ = {isa = PBXBuildFile; fileRef = 56309A8A1E80BD4000C294F7 /* progress.jpg */; };
		56309A8C1E80BD4000C294F7 /* progress.jpg in Resources */ = {isa = PBXBuildFile; fileRef = 56309A8A1E80BD4000C294F7 /* progress.jpg */; };
		56309A8D1E80BD4000C294F7 /* progress.jpg in Resources */ = {isa = PBXBuildFile; fileRef = 56309A8A1E80BD4000C294F7 /* progress.jpg */; };
		56309A8F1E80BD6800C294F7 /* LexClipping.swift in Sources */ = {isa = PBXBuildFile; fileRef = 56309A8E1E80BD6800C294F7 /* LexClipping.swift */; };
		56309A901E80BD6800C294F7 /* LexClipping.swift in Sources */ = {isa = PBXBuildFile; fileRef = 56309A8E1E80BD6800C294F7 /* LexClipping.swift */; };
		56309A911E80BD6800C294F7 /* LexClipping.swift in Sources */ = {isa = PBXBuildFile; fileRef = 56309A8E1E80BD6800C294F7 /* LexClipping.swift */; };
		56309A931E80C16B00C294F7 /* icon.png in Resources */ = {isa = PBXBuildFile; fileRef = 56309A921E80C16B00C294F7 /* icon.png */; };
		56309A941E80C16B00C294F7 /* icon.png in Resources */ = {isa = PBXBuildFile; fileRef = 56309A921E80C16B00C294F7 /* icon.png */; };
		56309A951E80C16B00C294F7 /* icon.png in Resources */ = {isa = PBXBuildFile; fileRef = 56309A921E80C16B00C294F7 /* icon.png */; };
		56309A971E80D84B00C294F7 /* Ship.png in Resources */ = {isa = PBXBuildFile; fileRef = 56309A961E80D84B00C294F7 /* Ship.png */; };
		56309A981E80D84B00C294F7 /* Ship.png in Resources */ = {isa = PBXBuildFile; fileRef = 56309A961E80D84B00C294F7 /* Ship.png */; };
		56309A991E80D84B00C294F7 /* Ship.png in Resources */ = {isa = PBXBuildFile; fileRef = 56309A961E80D84B00C294F7 /* Ship.png */; };
		569533E71E7B84CC00639E39 /* AppDelegate.swift in Sources */ = {isa = PBXBuildFile; fileRef = 569533E61E7B84CC00639E39 /* AppDelegate.swift */; };
		569533E91E7B84CC00639E39 /* ViewController.swift in Sources */ = {isa = PBXBuildFile; fileRef = 569533E81E7B84CC00639E39 /* ViewController.swift */; };
		569533EC1E7B84CC00639E39 /* Main.storyboard in Resources */ = {isa = PBXBuildFile; fileRef = 569533EA1E7B84CC00639E39 /* Main.storyboard */; };
		569533EF1E7B84CC00639E39 /* LexSwiftPlayground.xcdatamodeld in Sources */ = {isa = PBXBuildFile; fileRef = 569533ED1E7B84CC00639E39 /* LexSwiftPlayground.xcdatamodeld */; };
		569533F11E7B84CC00639E39 /* Assets.xcassets in Resources */ = {isa = PBXBuildFile; fileRef = 569533F01E7B84CC00639E39 /* Assets.xcassets */; };
		569533F41E7B84CC00639E39 /* LaunchScreen.storyboard in Resources */ = {isa = PBXBuildFile; fileRef = 569533F21E7B84CC00639E39 /* LaunchScreen.storyboard */; };
		569533FF1E7B84CD00639E39 /* LexSwiftPlaygroundTests.swift in Sources */ = {isa = PBXBuildFile; fileRef = 569533FE1E7B84CD00639E39 /* LexSwiftPlaygroundTests.swift */; };
		5695340A1E7B84CD00639E39 /* LexSwiftPlaygroundUITests.swift in Sources */ = {isa = PBXBuildFile; fileRef = 569534091E7B84CD00639E39 /* LexSwiftPlaygroundUITests.swift */; };
		5695341A1E7B873F00639E39 /* LexDraw.swift in Sources */ = {isa = PBXBuildFile; fileRef = 569534191E7B873F00639E39 /* LexDraw.swift */; };
		5695341C1E7B876200639E39 /* LexGraphics.swift in Sources */ = {isa = PBXBuildFile; fileRef = 5695341B1E7B876200639E39 /* LexGraphics.swift */; };
		5695341E1E7D39C700639E39 /* LexRendering.swift in Sources */ = {isa = PBXBuildFile; fileRef = 5695341D1E7D39C700639E39 /* LexRendering.swift */; };
/* End PBXBuildFile section */

/* Begin PBXContainerItemProxy section */
		569533FB1E7B84CD00639E39 /* PBXContainerItemProxy */ = {
			isa = PBXContainerItemProxy;
			containerPortal = 569533DB1E7B84CC00639E39 /* Project object */;
			proxyType = 1;
			remoteGlobalIDString = 569533E21E7B84CC00639E39;
			remoteInfo = LexSwiftPlayground;
		};
		569534061E7B84CD00639E39 /* PBXContainerItemProxy */ = {
			isa = PBXContainerItemProxy;
			containerPortal = 569533DB1E7B84CC00639E39 /* Project object */;
			proxyType = 1;
			remoteGlobalIDString = 569533E21E7B84CC00639E39;
			remoteInfo = LexSwiftPlayground;
		};
/* End PBXContainerItemProxy section */

/* Begin PBXFileReference section */
		56309A8A1E80BD4000C294F7 /* progress.jpg */ = {isa = PBXFileReference; lastKnownFileType = image.jpeg; path = progress.jpg; sourceTree = "<group>"; };
		56309A8E1E80BD6800C294F7 /* LexClipping.swift */ = {isa = PBXFileReference; fileEncoding = 4; lastKnownFileType = sourcecode.swift; path = LexClipping.swift; sourceTree = "<group>"; };
		56309A921E80C16B00C294F7 /* icon.png */ = {isa = PBXFileReference; lastKnownFileType = image.png; path = icon.png; sourceTree = "<group>"; };
		56309A961E80D84B00C294F7 /* Ship.png */ = {isa = PBXFileReference; lastKnownFileType = image.png; path = Ship.png; sourceTree = "<group>"; };
		569533E31E7B84CC00639E39 /* LexSwiftPlayground.app */ = {isa = PBXFileReference; explicitFileType = wrapper.application; includeInIndex = 0; path = LexSwiftPlayground.app; sourceTree = BUILT_PRODUCTS_DIR; };
		569533E61E7B84CC00639E39 /* AppDelegate.swift */ = {isa = PBXFileReference; lastKnownFileType = sourcecode.swift; path = AppDelegate.swift; sourceTree = "<group>"; };
		569533E81E7B84CC00639E39 /* ViewController.swift */ = {isa = PBXFileReference; lastKnownFileType = sourcecode.swift; path = ViewController.swift; sourceTree = "<group>"; };
		569533EB1E7B84CC00639E39 /* Base */ = {isa = PBXFileReference; lastKnownFileType = file.storyboard; name = Base; path = Base.lproj/Main.storyboard; sourceTree = "<group>"; };
		569533EE1E7B84CC00639E39 /* LexSwiftPlayground.xcdatamodel */ = {isa = PBXFileReference; lastKnownFileType = wrapper.xcdatamodel; path = LexSwiftPlayground.xcdatamodel; sourceTree = "<group>"; };
		569533F01E7B84CC00639E39 /* Assets.xcassets */ = {isa = PBXFileReference; lastKnownFileType = folder.assetcatalog; path = Assets.xcassets; sourceTree = "<group>"; };
		569533F31E7B84CC00639E39 /* Base */ = {isa = PBXFileReference; lastKnownFileType = file.storyboard; name = Base; path = Base.lproj/LaunchScreen.storyboard; sourceTree = "<group>"; };
		569533F51E7B84CC00639E39 /* Info.plist */ = {isa = PBXFileReference; lastKnownFileType = text.plist.xml; path = Info.plist; sourceTree = "<group>"; };
		569533FA1E7B84CD00639E39 /* LexSwiftPlaygroundTests.xctest */ = {isa = PBXFileReference; explicitFileType = wrapper.cfbundle; includeInIndex = 0; path = LexSwiftPlaygroundTests.xctest; sourceTree = BUILT_PRODUCTS_DIR; };
		569533FE1E7B84CD00639E39 /* LexSwiftPlaygroundTests.swift */ = {isa = PBXFileReference; lastKnownFileType = sourcecode.swift; path = LexSwiftPlaygroundTests.swift; sourceTree = "<group>"; };
		569534001E7B84CD00639E39 /* Info.plist */ = {isa = PBXFileReference; lastKnownFileType = text.plist.xml; path = Info.plist; sourceTree = "<group>"; };
		569534051E7B84CD00639E39 /* LexSwiftPlaygroundUITests.xctest */ = {isa = PBXFileReference; explicitFileType = wrapper.cfbundle; includeInIndex = 0; path = LexSwiftPlaygroundUITests.xctest; sourceTree = BUILT_PRODUCTS_DIR; };
		569534091E7B84CD00639E39 /* LexSwiftPlaygroundUITests.swift */ = {isa = PBXFileReference; lastKnownFileType = sourcecode.swift; path = LexSwiftPlaygroundUITests.swift; sourceTree = "<group>"; };
		5695340B1E7B84CD00639E39 /* Info.plist */ = {isa = PBXFileReference; lastKnownFileType = text.plist.xml; path = Info.plist; sourceTree = "<group>"; };
		569534191E7B873F00639E39 /* LexDraw.swift */ = {isa = PBXFileReference; fileEncoding = 4; lastKnownFileType = sourcecode.swift; path = LexDraw.swift; sourceTree = "<group>"; };
		5695341B1E7B876200639E39 /* LexGraphics.swift */ = {isa = PBXFileReference; fileEncoding = 4; lastKnownFileType = sourcecode.swift; path = LexGraphics.swift; sourceTree = "<group>"; };
		5695341D1E7D39C700639E39 /* LexRendering.swift */ = {isa = PBXFileReference; fileEncoding = 4; lastKnownFileType = sourcecode.swift; path = LexRendering.swift; sourceTree = "<group>"; };
/* End PBXFileReference section */

/* Begin PBXFrameworksBuildPhase section */
		569533E01E7B84CC00639E39 /* Frameworks */ = {
			isa = PBXFrameworksBuildPhase;
			buildActionMask = 2147483647;
			files = (
			);
			runOnlyForDeploymentPostprocessing = 0;
		};
		569533F71E7B84CD00639E39 /* Frameworks */ = {
			isa = PBXFrameworksBuildPhase;
			buildActionMask = 2147483647;
			files = (
			);
			runOnlyForDeploymentPostprocessing = 0;
		};
		569534021E7B84CD00639E39 /* Frameworks */ = {
			isa = PBXFrameworksBuildPhase;
			buildActionMask = 2147483647;
			files = (
			);
			runOnlyForDeploymentPostprocessing = 0;
		};
/* End PBXFrameworksBuildPhase section */

/* Begin PBXGroup section */
		56309A891E80BD3900C294F7 /* Resource */ = {
			isa = PBXGroup;
			children = (
				56309A961E80D84B00C294F7 /* Ship.png */,
				56309A921E80C16B00C294F7 /* icon.png */,
				56309A8A1E80BD4000C294F7 /* progress.jpg */,
			);
			path = Resource;
			sourceTree = "<group>";
		};
		569533DA1E7B84CC00639E39 = {
			isa = PBXGroup;
			children = (
				569533E51E7B84CC00639E39 /* LexSwiftPlayground */,
				569533FD1E7B84CD00639E39 /* LexSwiftPlaygroundTests */,
				569534081E7B84CD00639E39 /* LexSwiftPlaygroundUITests */,
				569533E41E7B84CC00639E39 /* Products */,
			);
			sourceTree = "<group>";
		};
		569533E41E7B84CC00639E39 /* Products */ = {
			isa = PBXGroup;
			children = (
				569533E31E7B84CC00639E39 /* LexSwiftPlayground.app */,
				569533FA1E7B84CD00639E39 /* LexSwiftPlaygroundTests.xctest */,
				569534051E7B84CD00639E39 /* LexSwiftPlaygroundUITests.xctest */,
			);
			name = Products;
			sourceTree = "<group>";
		};
		569533E51E7B84CC00639E39 /* LexSwiftPlayground */ = {
			isa = PBXGroup;
			children = (
				569533E61E7B84CC00639E39 /* AppDelegate.swift */,
				569533E81E7B84CC00639E39 /* ViewController.swift */,
				569534191E7B873F00639E39 /* LexDraw.swift */,
				5695341B1E7B876200639E39 /* LexGraphics.swift */,
				5695341D1E7D39C700639E39 /* LexRendering.swift */,
				56309A8E1E80BD6800C294F7 /* LexClipping.swift */,
				569533EA1E7B84CC00639E39 /* Main.storyboard */,
				569533F01E7B84CC00639E39 /* Assets.xcassets */,
				569533F21E7B84CC00639E39 /* LaunchScreen.storyboard */,
				569533F51E7B84CC00639E39 /* Info.plist */,
				569533ED1E7B84CC00639E39 /* LexSwiftPlayground.xcdatamodeld */,
				56309A891E80BD3900C294F7 /* Resource */,
			);
			path = LexSwiftPlayground;
			sourceTree = "<group>";
		};
		569533FD1E7B84CD00639E39 /* LexSwiftPlaygroundTests */ = {
			isa = PBXGroup;
			children = (
				569533FE1E7B84CD00639E39 /* LexSwiftPlaygroundTests.swift */,
				569534001E7B84CD00639E39 /* Info.plist */,
			);
			path = LexSwiftPlaygroundTests;
			sourceTree = "<group>";
		};
		569534081E7B84CD00639E39 /* LexSwiftPlaygroundUITests */ = {
			isa = PBXGroup;
			children = (
				569534091E7B84CD00639E39 /* LexSwiftPlaygroundUITests.swift */,
				5695340B1E7B84CD00639E39 /* Info.plist */,
			);
			path = LexSwiftPlaygroundUITests;
			sourceTree = "<group>";
		};
/* End PBXGroup section */

/* Begin PBXNativeTarget section */
		569533E21E7B84CC00639E39 /* LexSwiftPlayground */ = {
			isa = PBXNativeTarget;
			buildConfigurationList = 5695340E1E7B84CD00639E39 /* Build configuration list for PBXNativeTarget "LexSwiftPlayground" */;
			buildPhases = (
				569533DF1E7B84CC00639E39 /* Sources */,
				569533E01E7B84CC00639E39 /* Frameworks */,
				569533E11E7B84CC00639E39 /* Resources */,
			);
			buildRules = (
			);
			dependencies = (
			);
			name = LexSwiftPlayground;
			productName = LexSwiftPlayground;
			productReference = 569533E31E7B84CC00639E39 /* LexSwiftPlayground.app */;
			productType = "com.apple.product-type.application";
		};
		569533F91E7B84CD00639E39 /* LexSwiftPlaygroundTests */ = {
			isa = PBXNativeTarget;
			buildConfigurationList = 569534111E7B84CD00639E39 /* Build configuration list for PBXNativeTarget "LexSwiftPlaygroundTests" */;
			buildPhases = (
				569533F61E7B84CD00639E39 /* Sources */,
				569533F71E7B84CD00639E39 /* Frameworks */,
				569533F81E7B84CD00639E39 /* Resources */,
			);
			buildRules = (
			);
			dependencies = (
				569533FC1E7B84CD00639E39 /* PBXTargetDependency */,
			);
			name = LexSwiftPlaygroundTests;
			productName = LexSwiftPlaygroundTests;
			productReference = 569533FA1E7B84CD00639E39 /* LexSwiftPlaygroundTests.xctest */;
			productType = "com.apple.product-type.bundle.unit-test";
		};
		569534041E7B84CD00639E39 /* LexSwiftPlaygroundUITests */ = {
			isa = PBXNativeTarget;
			buildConfigurationList = 569534141E7B84CD00639E39 /* Build configuration list for PBXNativeTarget "LexSwiftPlaygroundUITests" */;
			buildPhases = (
				569534011E7B84CD00639E39 /* Sources */,
				569534021E7B84CD00639E39 /* Frameworks */,
				569534031E7B84CD00639E39 /* Resources */,
			);
			buildRules = (
			);
			dependencies = (
				569534071E7B84CD00639E39 /* PBXTargetDependency */,
			);
			name = LexSwiftPlaygroundUITests;
			productName = LexSwiftPlaygroundUITests;
			productReference = 569534051E7B84CD00639E39 /* LexSwiftPlaygroundUITests.xctest */;
			productType = "com.apple.product-type.bundle.ui-testing";
		};
/* End PBXNativeTarget section */

/* Begin PBXProject section */
		569533DB1E7B84CC00639E39 /* Project object */ = {
			isa = PBXProject;
			attributes = {
				LastSwiftUpdateCheck = 0820;
				LastUpgradeCheck = 0820;
				ORGANIZATIONNAME = Massimo;
				TargetAttributes = {
					569533E21E7B84CC00639E39 = {
						CreatedOnToolsVersion = 8.2.1;
						DevelopmentTeam = D4Q2DLFEGV;
						ProvisioningStyle = Automatic;
					};
					569533F91E7B84CD00639E39 = {
						CreatedOnToolsVersion = 8.2.1;
						DevelopmentTeam = D4Q2DLFEGV;
						ProvisioningStyle = Automatic;
						TestTargetID = 569533E21E7B84CC00639E39;
					};
					569534041E7B84CD00639E39 = {
						CreatedOnToolsVersion = 8.2.1;
						DevelopmentTeam = D4Q2DLFEGV;
						ProvisioningStyle = Automatic;
						TestTargetID = 569533E21E7B84CC00639E39;
					};
				};
			};
			buildConfigurationList = 569533DE1E7B84CC00639E39 /* Build configuration list for PBXProject "LexSwiftPlayground" */;
			compatibilityVersion = "Xcode 3.2";
			developmentRegion = English;
			hasScannedForEncodings = 0;
			knownRegions = (
				en,
				Base,
			);
			mainGroup = 569533DA1E7B84CC00639E39;
			productRefGroup = 569533E41E7B84CC00639E39 /* Products */;
			projectDirPath = "";
			projectRoot = "";
			targets = (
				569533E21E7B84CC00639E39 /* LexSwiftPlayground */,
				569533F91E7B84CD00639E39 /* LexSwiftPlaygroundTests */,
				569534041E7B84CD00639E39 /* LexSwiftPlaygroundUITests */,
			);
		};
/* End PBXProject section */

/* Begin PBXResourcesBuildPhase section */
		569533E11E7B84CC00639E39 /* Resources */ = {
			isa = PBXResourcesBuildPhase;
			buildActionMask = 2147483647;
			files = (
				56309A8B1E80BD4000C294F7 /* progress.jpg in Resources */,
				56309A931E80C16B00C294F7 /* icon.png in Resources */,
				569533F41E7B84CC00639E39 /* LaunchScreen.storyboard in Resources */,
				56309A971E80D84B00C294F7 /* Ship.png in Resources */,
				569533F11E7B84CC00639E39 /* Assets.xcassets in Resources */,
				569533EC1E7B84CC00639E39 /* Main.storyboard in Resources */,
			);
			runOnlyForDeploymentPostprocessing = 0;
		};
		569533F81E7B84CD00639E39 /* Resources */ = {
			isa = PBXResourcesBuildPhase;
			buildActionMask = 2147483647;
			files = (
				56309A981E80D84B00C294F7 /* Ship.png in Resources */,
				56309A941E80C16B00C294F7 /* icon.png in Resources */,
				56309A8C1E80BD4000C294F7 /* progress.jpg in Resources */,
			);
			runOnlyForDeploymentPostprocessing = 0;
		};
		569534031E7B84CD00639E39 /* Resources */ = {
			isa = PBXResourcesBuildPhase;
			buildActionMask = 2147483647;
			files = (
				56309A991E80D84B00C294F7 /* Ship.png in Resources */,
				56309A951E80C16B00C294F7 /* icon.png in Resources */,
				56309A8D1E80BD4000C294F7 /* progress.jpg in Resources */,
			);
			runOnlyForDeploymentPostprocessing = 0;
		};
/* End PBXResourcesBuildPhase section */

/* Begin PBXSourcesBuildPhase section */
		569533DF1E7B84CC00639E39 /* Sources */ = {
			isa = PBXSourcesBuildPhase;
			buildActionMask = 2147483647;
			files = (
				569533E91E7B84CC00639E39 /* ViewController.swift in Sources */,
				569533EF1E7B84CC00639E39 /* LexSwiftPlayground.xcdatamodeld in Sources */,
				5695341E1E7D39C700639E39 /* LexRendering.swift in Sources */,
				569533E71E7B84CC00639E39 /* AppDelegate.swift in Sources */,
				5695341A1E7B873F00639E39 /* LexDraw.swift in Sources */,
				56309A8F1E80BD6800C294F7 /* LexClipping.swift in Sources */,
				5695341C1E7B876200639E39 /* LexGraphics.swift in Sources */,
			);
			runOnlyForDeploymentPostprocessing = 0;
		};
		569533F61E7B84CD00639E39 /* Sources */ = {
			isa = PBXSourcesBuildPhase;
			buildActionMask = 2147483647;
			files = (
				569533FF1E7B84CD00639E39 /* LexSwiftPlaygroundTests.swift in Sources */,
				56309A901E80BD6800C294F7 /* LexClipping.swift in Sources */,
			);
			runOnlyForDeploymentPostprocessing = 0;
		};
		569534011E7B84CD00639E39 /* Sources */ = {
			isa = PBXSourcesBuildPhase;
			buildActionMask = 2147483647;
			files = (
				5695340A1E7B84CD00639E39 /* LexSwiftPlaygroundUITests.swift in Sources */,
				56309A911E80BD6800C294F7 /* LexClipping.swift in Sources */,
			);
			runOnlyForDeploymentPostprocessing = 0;
		};
/* End PBXSourcesBuildPhase section */

/* Begin PBXTargetDependency section */
		569533FC1E7B84CD00639E39 /* PBXTargetDependency */ = {
			isa = PBXTargetDependency;
			target = 569533E21E7B84CC00639E39 /* LexSwiftPlayground */;
			targetProxy = 569533FB1E7B84CD00639E39 /* PBXContainerItemProxy */;
		};
		569534071E7B84CD00639E39 /* PBXTargetDependency */ = {
			isa = PBXTargetDependency;
			target = 569533E21E7B84CC00639E39 /* LexSwiftPlayground */;
			targetProxy = 569534061E7B84CD00639E39 /* PBXContainerItemProxy */;
		};
/* End PBXTargetDependency section */

/* Begin PBXVariantGroup section */
		569533EA1E7B84CC00639E39 /* Main.storyboard */ = {
			isa = PBXVariantGroup;
			children = (
				569533EB1E7B84CC00639E39 /* Base */,
			);
			name = Main.storyboard;
			sourceTree = "<group>";
		};
		569533F21E7B84CC00639E39 /* LaunchScreen.storyboard */ = {
			isa = PBXVariantGroup;
			children = (
				569533F31E7B84CC00639E39 /* Base */,
			);
			name = LaunchScreen.storyboard;
			sourceTree = "<group>";
		};
/* End PBXVariantGroup section */

/* Begin XCBuildConfiguration section */
		5695340C1E7B84CD00639E39 /* Debug */ = {
			isa = XCBuildConfiguration;
			buildSettings = {
				ALWAYS_SEARCH_USER_PATHS = NO;
				CLANG_ANALYZER_NONNULL = YES;
				CLANG_CXX_LANGUAGE_STANDARD = "gnu++0x";
				CLANG_CXX_LIBRARY = "libc++";
				CLANG_ENABLE_MODULES = YES;
				CLANG_ENABLE_OBJC_ARC = YES;
				CLANG_WARN_BOOL_CONVERSION = YES;
				CLANG_WARN_CONSTANT_CONVERSION = YES;
				CLANG_WARN_DIRECT_OBJC_ISA_USAGE = YES_ERROR;
				CLANG_WARN_DOCUMENTATION_COMMENTS = YES;
				CLANG_WARN_EMPTY_BODY = YES;
				CLANG_WARN_ENUM_CONVERSION = YES;
				CLANG_WARN_INFINITE_RECURSION = YES;
				CLANG_WARN_INT_CONVERSION = YES;
				CLANG_WARN_OBJC_ROOT_CLASS = YES_ERROR;
				CLANG_WARN_SUSPICIOUS_MOVE = YES;
				CLANG_WARN_UNREACHABLE_CODE = YES;
				CLANG_WARN__DUPLICATE_METHOD_MATCH = YES;
				"CODE_SIGN_IDENTITY[sdk=iphoneos*]" = "iPhone Developer";
				COPY_PHASE_STRIP = NO;
				DEBUG_INFORMATION_FORMAT = dwarf;
				ENABLE_STRICT_OBJC_MSGSEND = YES;
				ENABLE_TESTABILITY = YES;
				GCC_C_LANGUAGE_STANDARD = gnu99;
				GCC_DYNAMIC_NO_PIC = NO;
				GCC_NO_COMMON_BLOCKS = YES;
				GCC_OPTIMIZATION_LEVEL = 0;
				GCC_PREPROCESSOR_DEFINITIONS = (
					"DEBUG=1",
					"$(inherited)",
				);
				GCC_WARN_64_TO_32_BIT_CONVERSION = YES;
				GCC_WARN_ABOUT_RETURN_TYPE = YES_ERROR;
				GCC_WARN_UNDECLARED_SELECTOR = YES;
				GCC_WARN_UNINITIALIZED_AUTOS = YES_AGGRESSIVE;
				GCC_WARN_UNUSED_FUNCTION = YES;
				GCC_WARN_UNUSED_VARIABLE = YES;
				IPHONEOS_DEPLOYMENT_TARGET = 10.2;
				MTL_ENABLE_DEBUG_INFO = YES;
				ONLY_ACTIVE_ARCH = YES;
				SDKROOT = iphoneos;
				SWIFT_ACTIVE_COMPILATION_CONDITIONS = DEBUG;
				SWIFT_OPTIMIZATION_LEVEL = "-Onone";
			};
			name = Debug;
		};
		5695340D1E7B84CD00639E39 /* Release */ = {
			isa = XCBuildConfiguration;
			buildSettings = {
				ALWAYS_SEARCH_USER_PATHS = NO;
				CLANG_ANALYZER_NONNULL = YES;
				CLANG_CXX_LANGUAGE_STANDARD = "gnu++0x";
				CLANG_CXX_LIBRARY = "libc++";
				CLANG_ENABLE_MODULES = YES;
				CLANG_ENABLE_OBJC_ARC = YES;
				CLANG_WARN_BOOL_CONVERSION = YES;
				CLANG_WARN_CONSTANT_CONVERSION = YES;
				CLANG_WARN_DIRECT_OBJC_ISA_USAGE = YES_ERROR;
				CLANG_WARN_DOCUMENTATION_COMMENTS = YES;
				CLANG_WARN_EMPTY_BODY = YES;
				CLANG_WARN_ENUM_CONVERSION = YES;
				CLANG_WARN_INFINITE_RECURSION = YES;
				CLANG_WARN_INT_CONVERSION = YES;
				CLANG_WARN_OBJC_ROOT_CLASS = YES_ERROR;
				CLANG_WARN_SUSPICIOUS_MOVE = YES;
				CLANG_WARN_UNREACHABLE_CODE = YES;
				CLANG_WARN__DUPLICATE_METHOD_MATCH = YES;
				"CODE_SIGN_IDENTITY[sdk=iphoneos*]" = "iPhone Developer";
				COPY_PHASE_STRIP = NO;
				DEBUG_INFORMATION_FORMAT = "dwarf-with-dsym";
				ENABLE_NS_ASSERTIONS = NO;
				ENABLE_STRICT_OBJC_MSGSEND = YES;
				GCC_C_LANGUAGE_STANDARD = gnu99;
				GCC_NO_COMMON_BLOCKS = YES;
				GCC_WARN_64_TO_32_BIT_CONVERSION = YES;
				GCC_WARN_ABOUT_RETURN_TYPE = YES_ERROR;
				GCC_WARN_UNDECLARED_SELECTOR = YES;
				GCC_WARN_UNINITIALIZED_AUTOS = YES_AGGRESSIVE;
				GCC_WARN_UNUSED_FUNCTION = YES;
				GCC_WARN_UNUSED_VARIABLE = YES;
				IPHONEOS_DEPLOYMENT_TARGET = 10.2;
				MTL_ENABLE_DEBUG_INFO = NO;
				SDKROOT = iphoneos;
				SWIFT_OPTIMIZATION_LEVEL = "-Owholemodule";
				VALIDATE_PRODUCT = YES;
			};
			name = Release;
		};
		5695340F1E7B84CD00639E39 /* Debug */ = {
			isa = XCBuildConfiguration;
			buildSettings = {
				ASSETCATALOG_COMPILER_APPICON_NAME = AppIcon;
				DEVELOPMENT_TEAM = D4Q2DLFEGV;
				INFOPLIST_FILE = LexSwiftPlayground/Info.plist;
				IPHONEOS_DEPLOYMENT_TARGET = 10.0;
				LD_RUNPATH_SEARCH_PATHS = "$(inherited) @executable_path/Frameworks";
				PRODUCT_BUNDLE_IDENTIFIER = cn.lexch.LiveTV.LexSwiftPlayground;
				PRODUCT_NAME = "$(TARGET_NAME)";
				SWIFT_VERSION = 3.0;
			};
			name = Debug;
		};
		569534101E7B84CD00639E39 /* Release */ = {
			isa = XCBuildConfiguration;
			buildSettings = {
				ASSETCATALOG_COMPILER_APPICON_NAME = AppIcon;
				DEVELOPMENT_TEAM = D4Q2DLFEGV;
				INFOPLIST_FILE = LexSwiftPlayground/Info.plist;
				IPHONEOS_DEPLOYMENT_TARGET = 10.0;
				LD_RUNPATH_SEARCH_PATHS = "$(inherited) @executable_path/Frameworks";
				PRODUCT_BUNDLE_IDENTIFIER = cn.lexch.LiveTV.LexSwiftPlayground;
				PRODUCT_NAME = "$(TARGET_NAME)";
				SWIFT_VERSION = 3.0;
			};
			name = Release;
		};
		569534121E7B84CD00639E39 /* Debug */ = {
			isa = XCBuildConfiguration;
			buildSettings = {
				ALWAYS_EMBED_SWIFT_STANDARD_LIBRARIES = YES;
				BUNDLE_LOADER = "$(TEST_HOST)";
				DEVELOPMENT_TEAM = D4Q2DLFEGV;
				INFOPLIST_FILE = LexSwiftPlaygroundTests/Info.plist;
				LD_RUNPATH_SEARCH_PATHS = "$(inherited) @executable_path/Frameworks @loader_path/Frameworks";
				PRODUCT_BUNDLE_IDENTIFIER = cn.lexch.LiveTV.LexSwiftPlaygroundTests;
				PRODUCT_NAME = "$(TARGET_NAME)";
				SWIFT_VERSION = 3.0;
				TEST_HOST = "$(BUILT_PRODUCTS_DIR)/LexSwiftPlayground.app/LexSwiftPlayground";
			};
			name = Debug;
		};
		569534131E7B84CD00639E39 /* Release */ = {
			isa = XCBuildConfiguration;
			buildSettings = {
				ALWAYS_EMBED_SWIFT_STANDARD_LIBRARIES = YES;
				BUNDLE_LOADER = "$(TEST_HOST)";
				DEVELOPMENT_TEAM = D4Q2DLFEGV;
				INFOPLIST_FILE = LexSwiftPlaygroundTests/Info.plist;
				LD_RUNPATH_SEARCH_PATHS = "$(inherited) @executable_path/Frameworks @loader_path/Frameworks";
				PRODUCT_BUNDLE_IDENTIFIER = cn.lexch.LiveTV.LexSwiftPlaygroundTests;
				PRODUCT_NAME = "$(TARGET_NAME)";
				SWIFT_VERSION = 3.0;
				TEST_HOST = "$(BUILT_PRODUCTS_DIR)/LexSwiftPlayground.app/LexSwiftPlayground";
			};
			name = Release;
		};
		569534151E7B84CD00639E39 /* Debug */ = {
			isa = XCBuildConfiguration;
			buildSettings = {
				ALWAYS_EMBED_SWIFT_STANDARD_LIBRARIES = YES;
				DEVELOPMENT_TEAM = D4Q2DLFEGV;
				INFOPLIST_FILE = LexSwiftPlaygroundUITests/Info.plist;
				LD_RUNPATH_SEARCH_PATHS = "$(inherited) @executable_path/Frameworks @loader_path/Frameworks";
				PRODUCT_BUNDLE_IDENTIFIER = cn.lexch.LiveTV.LexSwiftPlaygroundUITests;
				PRODUCT_NAME = "$(TARGET_NAME)";
				SWIFT_VERSION = 3.0;
				TEST_TARGET_NAME = LexSwiftPlayground;
			};
			name = Debug;
		};
		569534161E7B84CD00639E39 /* Release */ = {
			isa = XCBuildConfiguration;
			buildSettings = {
				ALWAYS_EMBED_SWIFT_STANDARD_LIBRARIES = YES;
				DEVELOPMENT_TEAM = D4Q2DLFEGV;
				INFOPLIST_FILE = LexSwiftPlaygroundUITests/Info.plist;
				LD_RUNPATH_SEARCH_PATHS = "$(inherited) @executable_path/Frameworks @loader_path/Frameworks";
				PRODUCT_BUNDLE_IDENTIFIER = cn.lexch.LiveTV.LexSwiftPlaygroundUITests;
				PRODUCT_NAME = "$(TARGET_NAME)";
				SWIFT_VERSION = 3.0;
				TEST_TARGET_NAME = LexSwiftPlayground;
			};
			name = Release;
		};
/* End XCBuildConfiguration section */

/* Begin XCConfigurationList section */
		569533DE1E7B84CC00639E39 /* Build configuration list for PBXProject "LexSwiftPlayground" */ = {
			isa = XCConfigurationList;
			buildConfigurations = (
				5695340C1E7B84CD00639E39 /* Debug */,
				5695340D1E7B84CD00639E39 /* Release */,
			);
			defaultConfigurationIsVisible = 0;
			defaultConfigurationName = Release;
		};
		5695340E1E7B84CD00639E39 /* Build configuration list for PBXNativeTarget "LexSwiftPlayground" */ = {
			isa = XCConfigurationList;
			buildConfigurations = (
				5695340F1E7B84CD00639E39 /* Debug */,
				569534101E7B84CD00639E39 /* Release */,
			);
			defaultConfigurationIsVisible = 0;
			defaultConfigurationName = Release;
		};
		569534111E7B84CD00639E39 /* Build configuration list for PBXNativeTarget "LexSwiftPlaygroundTests" */ = {
			isa = XCConfigurationList;
			buildConfigurations = (
				569534121E7B84CD00639E39 /* Debug */,
				569534131E7B84CD00639E39 /* Release */,
			);
			defaultConfigurationIsVisible = 0;
			defaultConfigurationName = Release;
		};
		569534141E7B84CD00639E39 /* Build configuration list for PBXNativeTarget "LexSwiftPlaygroundUITests" */ = {
			isa = XCConfigurationList;
			buildConfigurations = (
				569534151E7B84CD00639E39 /* Debug */,
				569534161E7B84CD00639E39 /* Release */,
			);
			defaultConfigurationIsVisible = 0;
			defaultConfigurationName = Release;
		};
/* End XCConfigurationList section */

/* Begin XCVersionGroup section */
		569533ED1E7B84CC00639E39 /* LexSwiftPlayground.xcdatamodeld */ = {
			isa = XCVersionGroup;
			children = (
				569533EE1E7B84CC00639E39 /* LexSwiftPlayground.xcdatamodel */,
			);
			currentVersion = 569533EE1E7B84CC00639E39 /* LexSwiftPlayground.xcdatamodel */;
			path = LexSwiftPlayground.xcdatamodeld;
			sourceTree = "<group>";
			versionGroupType = wrapper.xcdatamodel;
		};
/* End XCVersionGroup section */
	};
	rootObject = 569533DB1E7B84CC00639E39 /* Project object */;
}
